#MicroXplorer Configuration settings - do not modify
Mcu.Family=STM32F1
ProjectManager.MainLocation=Src
RCC.MCOFreq_Value=72000000
PB10.PinState=GPIO_PIN_RESET
ProjectManager.KeepUserCode=true
PB10.GPIO_Speed=GPIO_SPEED_FREQ_LOW
Mcu.UserName=STM32F103C8Tx
PB10.GPIO_PuPd=GPIO_PULLDOWN
ADC1.ContinuousConvMode=ENABLE
SH.ADCx_IN2.0=ADC1_IN2,IN2
ADC1.SamplingTime-6\#ChannelRegularConversion=ADC_SAMPLETIME_71CYCLES_5
RCC.PLLCLKFreq_Value=72000000
PB2.GPIO_Speed=GPIO_SPEED_FREQ_LOW
ProjectManager.functionlistsort=1-MX_GPIO_Init-GPIO-false-HAL-true,2-MX_DMA_Init-DMA-false-HAL-true,3-MX_ADC1_Init-ADC1-false-HAL-true,4-MX_CAN_Init-CAN-false-HAL-true,5-MX_TIM2_Init-TIM2-false-HAL-true,6-SystemClock_Config-RCC-false-HAL-false,7-MX_USART1_UART_Init-USART1-false-HAL-true
PB9.GPIO_ModeDefaultOutputPP=GPIO_MODE_OUTPUT_PP
PA11.Mode=Master
RCC.ADCFreqValue=12000000
PB11.GPIO_PuPd=GPIO_PULLDOWN
USART1.IPParameters=VirtualMode
PB11.Signal=GPIO_Output
PinOutPanel.RotationAngle=0
PB3.GPIO_Speed=GPIO_SPEED_FREQ_LOW
RCC.SYSCLKSource=RCC_SYSCLKSOURCE_PLLCLK
ProjectManager.StackSize=0x600
PB5.GPIOParameters=GPIO_Speed,PinState,GPIO_PuPd,GPIO_ModeDefaultOutputPP
PD1-OSC_OUT.Signal=RCC_OSC_OUT
PB11.GPIO_Speed=GPIO_SPEED_FREQ_LOW
Mcu.IP4=RCC
RCC.FCLKCortexFreq_Value=72000000
Mcu.IP5=SYS
Mcu.IP2=DMA
NVIC.SVCall_IRQn=true\:0\:0\:false\:false\:true\:false\:false
Mcu.IP3=NVIC
PB4.GPIOParameters=GPIO_Speed,PinState,GPIO_PuPd,GPIO_ModeDefaultOutputPP
Mcu.IP0=ADC1
PB10.GPIO_ModeDefaultOutputPP=GPIO_MODE_OUTPUT_PP
Mcu.IP1=CAN
PA12.Signal=CAN_TX
NVIC.USB_HP_CAN1_TX_IRQn=true\:0\:0\:false\:false\:true\:true\:true
CAN.Prescaler=90
Mcu.UserConstants=
ADC1.Channel-5\#ChannelRegularConversion=ADC_CHANNEL_5
PB0.PinState=GPIO_PIN_RESET
PB3.PinState=GPIO_PIN_RESET
Mcu.ThirdPartyNb=0
ADC1.Channel-3\#ChannelRegularConversion=ADC_CHANNEL_3
PB1.GPIO_PuPd=GPIO_PULLDOWN
RCC.HCLKFreq_Value=72000000
SH.ADCx_IN3.0=ADC1_IN3,IN3
Mcu.IPNb=8
TIM2.IPParameters=Prescaler,Period
ProjectManager.PreviousToolchain=
RCC.APB2TimFreq_Value=72000000
PB6.Signal=GPIO_Output
Dma.ADC1.0.Direction=DMA_PERIPH_TO_MEMORY
ADC1.Channel-2\#ChannelRegularConversion=ADC_CHANNEL_2
PB5.PinState=GPIO_PIN_RESET
SH.ADCx_IN3.ConfNb=1
Mcu.Pin6=PA3
Mcu.Pin7=PA4
VP_TIM2_VS_ClockSourceINT.Signal=TIM2_VS_ClockSourceINT
Mcu.Pin8=PA5
Mcu.Pin9=PA6
Dma.ADC1.0.MemDataAlignment=DMA_MDATAALIGN_HALFWORD
RCC.AHBFreq_Value=72000000
Mcu.Pin0=PC14-OSC32_IN
Mcu.Pin1=PC15-OSC32_OUT
Mcu.Pin2=PD0-OSC_IN
Mcu.Pin3=PD1-OSC_OUT
Mcu.Pin4=PA1
Mcu.Pin5=PA2
ProjectManager.ProjectBuild=false
NVIC.UsageFault_IRQn=true\:0\:0\:false\:false\:true\:false\:false
NVIC.DebugMonitor_IRQn=true\:0\:0\:false\:false\:true\:false\:false
PB2.Signal=GPIO_Output
PA4.Locked=true
NVIC.SysTick_IRQn=true\:0\:0\:false\:false\:true\:false\:true
RCC.PLLMUL=RCC_PLL_MUL9
ProjectManager.FirmwarePackage=STM32Cube FW_F1 V1.8.0
ADC1.SamplingTime-4\#ChannelRegularConversion=ADC_SAMPLETIME_71CYCLES_5
MxDb.Version=DB.6.0.0
ADC1.Channel-6\#ChannelRegularConversion=ADC_CHANNEL_6
PB0.GPIOParameters=GPIO_Speed,PinState,GPIO_PuPd,GPIO_ModeDefaultOutputPP
PB3.GPIO_PuPd=GPIO_PULLDOWN
ADC1.Rank-2\#ChannelRegularConversion=2
ProjectManager.BackupPrevious=false
PC14-OSC32_IN.Mode=LSE-External-Oscillator
PB1.GPIO_Speed=GPIO_SPEED_FREQ_LOW
PA14.Mode=Serial_Wire
SH.ADCx_IN1.ConfNb=1
Dma.ADC1.0.PeriphInc=DMA_PINC_DISABLE
NVIC.TIM2_IRQn=true\:0\:0\:false\:false\:true\:true\:true
File.Version=6
PB8.PinState=GPIO_PIN_RESET
PB3.GPIOParameters=GPIO_Speed,PinState,GPIO_PuPd,GPIO_ModeDefaultOutputPP
PB7.Signal=GPIO_Output
PB8.Locked=true
SH.ADCx_IN4.ConfNb=1
PB6.Locked=true
NVIC.PendSV_IRQn=true\:0\:0\:false\:false\:true\:false\:false
SH.ADCx_IN6.ConfNb=1
Dma.RequestsNb=1
PB6.GPIOParameters=GPIO_Speed,PinState,GPIO_PuPd,GPIO_ModeDefaultOutputPP
CAN.CalculateTimeQuantum=2500.0
ProjectManager.HalAssertFull=true
PB2.GPIO_PuPd=GPIO_PULLDOWN
PB0.Locked=true
ProjectManager.ProjectName=DriverMotors
PB7.PinState=GPIO_PIN_RESET
PB1.PinState=GPIO_PIN_RESET
RCC.PLLMCOFreq_Value=36000000
Mcu.Package=LQFP48
PB9.Signal=GPIO_Output
TIM2.Prescaler=71
PB1.Signal=GPIO_Output
PA6.Signal=ADCx_IN6
PA5.Locked=true
ProjectManager.ToolChainLocation=
PB6.GPIO_ModeDefaultOutputPP=GPIO_MODE_OUTPUT_PP
VP_SYS_VS_Systick.Signal=SYS_VS_Systick
PA10.Signal=USART1_RX
PB9.GPIO_PuPd=GPIO_PULLDOWN
PB11.PinState=GPIO_PIN_RESET
PB8.GPIO_ModeDefaultOutputPP=GPIO_MODE_OUTPUT_PP
PB5.GPIO_Speed=GPIO_SPEED_FREQ_LOW
SH.ADCx_IN1.0=ADC1_IN1,IN1
PB9.GPIO_Speed=GPIO_SPEED_FREQ_LOW
RCC.APB1TimFreq_Value=72000000
NVIC.BusFault_IRQn=true\:0\:0\:false\:false\:true\:false\:false
PB0.GPIO_ModeDefaultOutputPP=GPIO_MODE_OUTPUT_PP
PB10.GPIOParameters=GPIO_Speed,PinState,GPIO_PuPd,GPIO_ModeDefaultOutputPP
NVIC.USART1_IRQn=true\:0\:0\:false\:false\:true\:true\:true
ADC1.Rank-6\#ChannelRegularConversion=6
Dma.Request0=ADC1
PB2.GPIO_ModeDefaultOutputPP=GPIO_MODE_OUTPUT_PP
PB4.PinState=GPIO_PIN_RESET
ProjectManager.CustomerFirmwarePackage=
ADC1.Rank-4\#ChannelRegularConversion=4
PB3.Locked=true
PB4.Signal=GPIO_Output
PB4.GPIO_ModeDefaultOutputPP=GPIO_MODE_OUTPUT_PP
PA3.Signal=ADCx_IN3
PB7.GPIO_Speed=GPIO_SPEED_FREQ_LOW
PA2.Locked=true
PB7.GPIO_PuPd=GPIO_PULLDOWN
RCC.PLLSourceVirtual=RCC_PLLSOURCE_HSE
PB5.GPIO_ModeDefaultOutputPP=GPIO_MODE_OUTPUT_PP
PC15-OSC32_OUT.Mode=LSE-External-Oscillator
ProjectManager.ProjectFileName=DriverMotors.ioc
Dma.ADC1.0.Instance=DMA1_Channel1
PB8.GPIOParameters=GPIO_Speed,PinState,GPIO_PuPd,GPIO_ModeDefaultOutputPP
PD1-OSC_OUT.Mode=HSE-External-Oscillator
ADC1.Channel-4\#ChannelRegularConversion=ADC_CHANNEL_4
PA10.Mode=Asynchronous
Mcu.PinsNb=30
ProjectManager.NoMain=false
SH.ADCx_IN6.0=ADC1_IN6,IN6
ADC1.IPParameters=Rank-1\#ChannelRegularConversion,Channel-1\#ChannelRegularConversion,SamplingTime-1\#ChannelRegularConversion,NbrOfConversionFlag,NbrOfConversion,master,Rank-2\#ChannelRegularConversion,Channel-2\#ChannelRegularConversion,SamplingTime-2\#ChannelRegularConversion,Rank-3\#ChannelRegularConversion,Channel-3\#ChannelRegularConversion,SamplingTime-3\#ChannelRegularConversion,Rank-4\#ChannelRegularConversion,Channel-4\#ChannelRegularConversion,SamplingTime-4\#ChannelRegularConversion,ContinuousConvMode,Rank-5\#ChannelRegularConversion,Channel-5\#ChannelRegularConversion,SamplingTime-5\#ChannelRegularConversion,Rank-6\#ChannelRegularConversion,Channel-6\#ChannelRegularConversion,SamplingTime-6\#ChannelRegularConversion
PB6.GPIO_PuPd=GPIO_PULLDOWN
PB8.GPIO_PuPd=GPIO_PULLDOWN
ProjectManager.DefaultFWLocation=true
PD0-OSC_IN.Signal=RCC_OSC_IN
ProjectManager.DeletePrevious=true
RCC.APB1CLKDivider=RCC_HCLK_DIV2
PC14-OSC32_IN.Signal=RCC_OSC32_IN
PB10.Locked=true
CAN.CalculateTimeBit=40000
ADC1.SamplingTime-2\#ChannelRegularConversion=ADC_SAMPLETIME_71CYCLES_5
RCC.FamilyName=M
PB9.GPIOParameters=GPIO_Speed,PinState,GPIO_PuPd,GPIO_ModeDefaultOutputPP
PB0.GPIO_Speed=GPIO_SPEED_FREQ_LOW
RCC.ADCPresc=RCC_ADCPCLK2_DIV6
PA13.Signal=SYS_JTMS-SWDIO
Dma.ADC1.0.PeriphDataAlignment=DMA_PDATAALIGN_HALFWORD
PA9.Mode=Asynchronous
CAN.BS2=CAN_BS2_2TQ
CAN.BS1=CAN_BS1_13TQ
ProjectManager.TargetToolchain=EWARM V8
Dma.ADC1.0.Mode=DMA_CIRCULAR
PB7.GPIOParameters=GPIO_Speed,PinState,GPIO_PuPd,GPIO_ModeDefaultOutputPP
Dma.ADC1.0.Priority=DMA_PRIORITY_MEDIUM
PB2.GPIOParameters=GPIO_Speed,PinState,GPIO_PuPd,GPIO_ModeDefaultOutputPP
PA9.Signal=USART1_TX
ADC1.Channel-1\#ChannelRegularConversion=ADC_CHANNEL_1
PB11.GPIOParameters=GPIO_Speed,PinState,GPIO_PuPd,GPIO_ModeDefaultOutputPP
PB5.Locked=true
PB9.Locked=true
PB4.GPIO_PuPd=GPIO_PULLDOWN
ProjectManager.RegisterCallBack=
RCC.USBFreq_Value=72000000
CAN.Mode=CAN_MODE_NORMAL
PC15-OSC32_OUT.Signal=RCC_OSC32_OUT
PA1.Signal=ADCx_IN1
PB11.GPIO_ModeDefaultOutputPP=GPIO_MODE_OUTPUT_PP
PB1.Locked=true
PD0-OSC_IN.Mode=HSE-External-Oscillator
PB10.Signal=GPIO_Output
PA5.Signal=ADCx_IN5
board=custom
ProjectManager.LastFirmware=true
RCC.VCOOutput2Freq_Value=8000000
Dma.ADC1.0.RequestParameters=Instance,Direction,PeriphInc,MemInc,PeriphDataAlignment,MemDataAlignment,Mode,Priority
PB4.GPIO_Speed=GPIO_SPEED_FREQ_LOW
RCC.APB2Freq_Value=72000000
MxCube.Version=6.0.1
VP_TIM2_VS_ClockSourceINT.Mode=Internal
PB7.GPIO_ModeDefaultOutputPP=GPIO_MODE_OUTPUT_PP
SH.ADCx_IN2.ConfNb=1
NVIC.USB_LP_CAN1_RX0_IRQn=true\:0\:0\:false\:false\:true\:true\:true
VP_SYS_VS_Systick.Mode=SysTick
SH.ADCx_IN4.0=ADC1_IN4,IN4
NVIC.NonMaskableInt_IRQn=true\:0\:0\:false\:false\:true\:false\:false
CAN.IPParameters=CalculateTimeQuantum,CalculateTimeBit,Mode,BS1,BS2,Prescaler
TIM2.Period=9999
ADC1.NbrOfConversion=6
PA13.Mode=Serial_Wire
ProjectManager.FreePins=true
RCC.IPParameters=ADCFreqValue,ADCPresc,AHBFreq_Value,APB1CLKDivider,APB1Freq_Value,APB1TimFreq_Value,APB2Freq_Value,APB2TimFreq_Value,FCLKCortexFreq_Value,FamilyName,HCLKFreq_Value,MCOFreq_Value,PLLCLKFreq_Value,PLLMCOFreq_Value,PLLMUL,PLLSourceVirtual,SYSCLKFreq_VALUE,SYSCLKSource,TimSysFreq_Value,USBFreq_Value,VCOOutput2Freq_Value
ProjectManager.AskForMigrate=true
Mcu.Name=STM32F103C(8-B)Tx
PB2.PinState=GPIO_PIN_RESET
Mcu.Pin26=PB8
Mcu.Pin27=PB9
PA2.Signal=ADCx_IN2
Mcu.Pin24=PB6
ProjectManager.UnderRoot=false
Mcu.Pin25=PB7
PB2.Locked=true
Mcu.Pin28=VP_SYS_VS_Systick
Mcu.IP6=TIM2
Mcu.Pin29=VP_TIM2_VS_ClockSourceINT
Mcu.IP7=USART1
ProjectManager.CoupleFile=true
PB4.Locked=true
PB3.Signal=GPIO_Output
PA4.Signal=ADCx_IN4
ADC1.SamplingTime-1\#ChannelRegularConversion=ADC_SAMPLETIME_71CYCLES_5
RCC.SYSCLKFreq_VALUE=72000000
PB5.Signal=GPIO_Output
Mcu.Pin22=PB4
Mcu.Pin23=PB5
RCC.TimSysFreq_Value=72000000
PA1.Locked=true
Mcu.Pin20=PA14
ADC1.master=1
PA3.Locked=true
Mcu.Pin21=PB3
PA12.Mode=Master
ADC1.Rank-3\#ChannelRegularConversion=3
ADC1.SamplingTime-3\#ChannelRegularConversion=ADC_SAMPLETIME_71CYCLES_5
NVIC.ForceEnableDMAVector=true
KeepUserPlacement=false
PB5.GPIO_PuPd=GPIO_PULLDOWN
NVIC.MemoryManagement_IRQn=true\:0\:0\:false\:false\:true\:false\:false
USART1.VirtualMode=VM_ASYNC
ProjectManager.CompilerOptimize=6
PB6.PinState=GPIO_PIN_RESET
PB9.PinState=GPIO_PIN_RESET
ADC1.Rank-1\#ChannelRegularConversion=1
PA11.Signal=CAN_RX
PA14.Signal=SYS_JTCK-SWCLK
Dma.ADC1.0.MemInc=DMA_MINC_ENABLE
ProjectManager.HeapSize=0x400
Mcu.Pin15=PA9
NVIC.HardFault_IRQn=true\:0\:0\:false\:false\:true\:false\:false
Mcu.Pin16=PA10
Mcu.Pin13=PB10
Mcu.Pin14=PB11
Mcu.Pin19=PA13
ADC1.SamplingTime-5\#ChannelRegularConversion=ADC_SAMPLETIME_71CYCLES_5
ProjectManager.ComputerToolchain=false
Mcu.Pin17=PA11
Mcu.Pin18=PA12
SH.ADCx_IN5.0=ADC1_IN5,IN5
NVIC.PriorityGroup=NVIC_PRIORITYGROUP_4
ADC1.NbrOfConversionFlag=1
Mcu.Pin11=PB1
Mcu.Pin12=PB2
Mcu.Pin10=PB0
PB7.Locked=true
PB8.Signal=GPIO_Output
SH.ADCx_IN5.ConfNb=1
NVIC.DMA1_Channel1_IRQn=true\:0\:0\:false\:false\:true\:false\:true
PB1.GPIO_ModeDefaultOutputPP=GPIO_MODE_OUTPUT_PP
PB6.GPIO_Speed=GPIO_SPEED_FREQ_LOW
RCC.APB1Freq_Value=36000000
PB8.GPIO_Speed=GPIO_SPEED_FREQ_LOW
PB0.Signal=GPIO_Output
PB11.Locked=true
ADC1.Rank-5\#ChannelRegularConversion=5
ProjectManager.DeviceId=STM32F103C8Tx
ProjectManager.LibraryCopy=0
PB0.GPIO_PuPd=GPIO_PULLDOWN
PB3.GPIO_ModeDefaultOutputPP=GPIO_MODE_OUTPUT_PP
PB1.GPIOParameters=GPIO_Speed,PinState,GPIO_PuPd,GPIO_ModeDefaultOutputPP
PA6.Locked=true
